
Microsoft Visual Studio Solution File, Format Version 12.00
# Visual Studio Version 17
VisualStudioVersion = 17.1.32407.343
MinimumVisualStudioVersion = 10.0.40219.1
Project("{FAE04EC0-301F-11D3-BF4B-00C04F79EFBC}") = "CircleArea", "CircleArea.csproj", "{D0563909-F600-4AAB-ABB3-A35B18CD675F}"
EndProject
Global
	GlobalSection(SolutionConfigurationPlatforms) = preSolution
		Debug|Any CPU = Debug|Any CPU
		Release|Any CPU = Release|Any CPU
	EndGlobalSection
	GlobalSection(ProjectConfigurationPlatforms) = postSolution
		{D0563909-F600-4AAB-ABB3-A35B18CD675F}.Debug|Any CPU.ActiveCfg = Debug|Any CPU
		{D0563909-F600-4AAB-ABB3-A35B18CD675F}.Debug|Any CPU.Build.0 = Debug|Any CPU
		{D0563909-F600-4AAB-ABB3-A35B18CD675F}.Release|Any CPU.ActiveCfg = Release|Any CPU
		{D0563909-F600-4AAB-ABB3-A35B18CD675F}.Release|Any CPU.Build.0 = Release|Any CPU
	EndGlobalSection
	GlobalSection(SolutionProperties) = preSolution
		HideSolutionNode = FALSE
	EndGlobalSection
	GlobalSection(ExtensibilityGlobals) = postSolution
		SolutionGuid = {2131C770-FBCF-41C3-BD00-63DD5DA5D4B9}
	EndGlobalSection
EndGlobal
